
Microsoft Visual Studio Solution File, Format Version 12.00
# Visual Studio 14
VisualStudioVersion = 14.0.25420.1
MinimumVisualStudioVersion = 10.0.40219.1
Project("{A07B5EB6-E848-4116-A8D0-A826331D98C6}") = "NetworkService", "NetworkService\NetworkService.sfproj", "{DF20915C-4C12-4E48-8D11-F1F806CC262A}"
EndProject
Project("{FAE04EC0-301F-11D3-BF4B-00C04F79EFBC}") = "NetworkWebApiService", "NetworkWebApiService\NetworkWebApiService.csproj", "{553B7E2C-667C-45D2-B964-87CFAA382BF0}"
EndProject
Project("{FAE04EC0-301F-11D3-BF4B-00C04F79EFBC}") = "NetworkService.Core", "NetworkService.Core\NetworkService.Core.csproj", "{DA2AB512-4B35-435E-89C4-5601CB63EE4C}"
EndProject
Project("{FAE04EC0-301F-11D3-BF4B-00C04F79EFBC}") = "NetworkService.Services", "NetworkService.Servies\NetworkService.Services.csproj", "{1BE8C1E4-2568-4A8A-B908-EF81528FF27A}"
EndProject
Global
	GlobalSection(SolutionConfigurationPlatforms) = preSolution
		Debug|Any CPU = Debug|Any CPU
		Debug|x64 = Debug|x64
		Debug|x86 = Debug|x86
		Release|Any CPU = Release|Any CPU
		Release|x64 = Release|x64
		Release|x86 = Release|x86
	EndGlobalSection
	GlobalSection(ProjectConfigurationPlatforms) = postSolution
		{DF20915C-4C12-4E48-8D11-F1F806CC262A}.Debug|Any CPU.ActiveCfg = Debug|x64
		{DF20915C-4C12-4E48-8D11-F1F806CC262A}.Debug|x64.ActiveCfg = Debug|x64
		{DF20915C-4C12-4E48-8D11-F1F806CC262A}.Debug|x64.Build.0 = Debug|x64
		{DF20915C-4C12-4E48-8D11-F1F806CC262A}.Debug|x64.Deploy.0 = Debug|x64
		{DF20915C-4C12-4E48-8D11-F1F806CC262A}.Debug|x86.ActiveCfg = Debug|x64
		{DF20915C-4C12-4E48-8D11-F1F806CC262A}.Release|Any CPU.ActiveCfg = Release|x64
		{DF20915C-4C12-4E48-8D11-F1F806CC262A}.Release|x64.ActiveCfg = Release|x64
		{DF20915C-4C12-4E48-8D11-F1F806CC262A}.Release|x64.Build.0 = Release|x64
		{DF20915C-4C12-4E48-8D11-F1F806CC262A}.Release|x64.Deploy.0 = Release|x64
		{DF20915C-4C12-4E48-8D11-F1F806CC262A}.Release|x86.ActiveCfg = Release|x64
		{553B7E2C-667C-45D2-B964-87CFAA382BF0}.Debug|Any CPU.ActiveCfg = Debug|x64
		{553B7E2C-667C-45D2-B964-87CFAA382BF0}.Debug|x64.ActiveCfg = Debug|x64
		{553B7E2C-667C-45D2-B964-87CFAA382BF0}.Debug|x64.Build.0 = Debug|x64
		{553B7E2C-667C-45D2-B964-87CFAA382BF0}.Debug|x86.ActiveCfg = Debug|x64
		{553B7E2C-667C-45D2-B964-87CFAA382BF0}.Release|Any CPU.ActiveCfg = Release|x64
		{553B7E2C-667C-45D2-B964-87CFAA382BF0}.Release|x64.ActiveCfg = Release|x64
		{553B7E2C-667C-45D2-B964-87CFAA382BF0}.Release|x64.Build.0 = Release|x64
		{553B7E2C-667C-45D2-B964-87CFAA382BF0}.Release|x86.ActiveCfg = Release|x64
		{DA2AB512-4B35-435E-89C4-5601CB63EE4C}.Debug|Any CPU.ActiveCfg = Debug|Any CPU
		{DA2AB512-4B35-435E-89C4-5601CB63EE4C}.Debug|Any CPU.Build.0 = Debug|Any CPU
		{DA2AB512-4B35-435E-89C4-5601CB63EE4C}.Debug|x64.ActiveCfg = Debug|Any CPU
		{DA2AB512-4B35-435E-89C4-5601CB63EE4C}.Debug|x64.Build.0 = Debug|Any CPU
		{DA2AB512-4B35-435E-89C4-5601CB63EE4C}.Debug|x86.ActiveCfg = Debug|Any CPU
		{DA2AB512-4B35-435E-89C4-5601CB63EE4C}.Debug|x86.Build.0 = Debug|Any CPU
		{DA2AB512-4B35-435E-89C4-5601CB63EE4C}.Release|Any CPU.ActiveCfg = Release|Any CPU
		{DA2AB512-4B35-435E-89C4-5601CB63EE4C}.Release|Any CPU.Build.0 = Release|Any CPU
		{DA2AB512-4B35-435E-89C4-5601CB63EE4C}.Release|x64.ActiveCfg = Release|Any CPU
		{DA2AB512-4B35-435E-89C4-5601CB63EE4C}.Release|x64.Build.0 = Release|Any CPU
		{DA2AB512-4B35-435E-89C4-5601CB63EE4C}.Release|x86.ActiveCfg = Release|Any CPU
		{DA2AB512-4B35-435E-89C4-5601CB63EE4C}.Release|x86.Build.0 = Release|Any CPU
		{1BE8C1E4-2568-4A8A-B908-EF81528FF27A}.Debug|Any CPU.ActiveCfg = Debug|Any CPU
		{1BE8C1E4-2568-4A8A-B908-EF81528FF27A}.Debug|Any CPU.Build.0 = Debug|Any CPU
		{1BE8C1E4-2568-4A8A-B908-EF81528FF27A}.Debug|x64.ActiveCfg = Debug|Any CPU
		{1BE8C1E4-2568-4A8A-B908-EF81528FF27A}.Debug|x64.Build.0 = Debug|Any CPU
		{1BE8C1E4-2568-4A8A-B908-EF81528FF27A}.Debug|x86.ActiveCfg = Debug|Any CPU
		{1BE8C1E4-2568-4A8A-B908-EF81528FF27A}.Debug|x86.Build.0 = Debug|Any CPU
		{1BE8C1E4-2568-4A8A-B908-EF81528FF27A}.Release|Any CPU.ActiveCfg = Release|Any CPU
		{1BE8C1E4-2568-4A8A-B908-EF81528FF27A}.Release|Any CPU.Build.0 = Release|Any CPU
		{1BE8C1E4-2568-4A8A-B908-EF81528FF27A}.Release|x64.ActiveCfg = Release|Any CPU
		{1BE8C1E4-2568-4A8A-B908-EF81528FF27A}.Release|x64.Build.0 = Release|Any CPU
		{1BE8C1E4-2568-4A8A-B908-EF81528FF27A}.Release|x86.ActiveCfg = Release|Any CPU
		{1BE8C1E4-2568-4A8A-B908-EF81528FF27A}.Release|x86.Build.0 = Release|Any CPU
	EndGlobalSection
	GlobalSection(SolutionProperties) = preSolution
		HideSolutionNode = FALSE
	EndGlobalSection
EndGlobal
